// !$*UTF8*$!
{
	archiveVersion = 1;
	classes = {
	};
	objectVersion = 56;
	objects = {

/* Begin PBXBuildFile section */
		43517D5C2C4AC3DD00FD8532 /* CardView.swift in Sources */ = {isa = PBXBuildFile; fileRef = 43517D5B2C4AC3DD00FD8532 /* CardView.swift */; };
		43517D5E2C4ACD5000FD8532 /* ChartView.swift in Sources */ = {isa = PBXBuildFile; fileRef = 43517D5D2C4ACD5000FD8532 /* ChartView.swift */; };
		43C805AE2C4ABE50001B2527 /* JanusAppApp.swift in Sources */ = {isa = PBXBuildFile; fileRef = 43C805AD2C4ABE50001B2527 /* JanusAppApp.swift */; };
		43C805B02C4ABE50001B2527 /* ContentView.swift in Sources */ = {isa = PBXBuildFile; fileRef = 43C805AF2C4ABE50001B2527 /* ContentView.swift */; };
		43C805B22C4ABE51001B2527 /* Assets.xcassets in Resources */ = {isa = PBXBuildFile; fileRef = 43C805B12C4ABE51001B2527 /* Assets.xcassets */; };
		43C805B52C4ABE51001B2527 /* Preview Assets.xcassets in Resources */ = {isa = PBXBuildFile; fileRef = 43C805B42C4ABE51001B2527 /* Preview Assets.xcassets */; };
		43C805B72C4ABE51001B2527 /* Persistence.swift in Sources */ = {isa = PBXBuildFile; fileRef = 43C805B62C4ABE51001B2527 /* Persistence.swift */; };
		43C805BA2C4ABE51001B2527 /* JanusApp.xcdatamodeld in Sources */ = {isa = PBXBuildFile; fileRef = 43C805B82C4ABE51001B2527 /* JanusApp.xcdatamodeld */; };
		43C805C12C4AC02E001B2527 /* SphereView.swift in Sources */ = {isa = PBXBuildFile; fileRef = 43C805C02C4AC02E001B2527 /* SphereView.swift */; };
/* End PBXBuildFile section */

/* Begin PBXFileReference section */
		43517D5B2C4AC3DD00FD8532 /* CardView.swift */ = {isa = PBXFileReference; lastKnownFileType = sourcecode.swift; path = CardView.swift; sourceTree = "<group>"; };
		43517D5D2C4ACD5000FD8532 /* ChartView.swift */ = {isa = PBXFileReference; lastKnownFileType = sourcecode.swift; path = ChartView.swift; sourceTree = "<group>"; };
		43C805AA2C4ABE50001B2527 /* JanusApp.app */ = {isa = PBXFileReference; explicitFileType = wrapper.application; includeInIndex = 0; path = JanusApp.app; sourceTree = BUILT_PRODUCTS_DIR; };
		43C805AD2C4ABE50001B2527 /* JanusAppApp.swift */ = {isa = PBXFileReference; lastKnownFileType = sourcecode.swift; path = JanusAppApp.swift; sourceTree = "<group>"; };
		43C805AF2C4ABE50001B2527 /* ContentView.swift */ = {isa = PBXFileReference; lastKnownFileType = sourcecode.swift; path = ContentView.swift; sourceTree = "<group>"; };
		43C805B12C4ABE51001B2527 /* Assets.xcassets */ = {isa = PBXFileReference; lastKnownFileType = folder.assetcatalog; path = Assets.xcassets; sourceTree = "<group>"; };
		43C805B42C4ABE51001B2527 /* Preview Assets.xcassets */ = {isa = PBXFileReference; lastKnownFileType = folder.assetcatalog; path = "Preview Assets.xcassets"; sourceTree = "<group>"; };
		43C805B62C4ABE51001B2527 /* Persistence.swift */ = {isa = PBXFileReference; lastKnownFileType = sourcecode.swift; path = Persistence.swift; sourceTree = "<group>"; };
		43C805B92C4ABE51001B2527 /* JanusApp.xcdatamodel */ = {isa = PBXFileReference; lastKnownFileType = wrapper.xcdatamodel; path = JanusApp.xcdatamodel; sourceTree = "<group>"; };
		43C805C02C4AC02E001B2527 /* SphereView.swift */ = {isa = PBXFileReference; lastKnownFileType = sourcecode.swift; path = SphereView.swift; sourceTree = "<group>"; };
/* End PBXFileReference section */

/* Begin PBXFrameworksBuildPhase section */
		43C805A72C4ABE50001B2527 /* Frameworks */ = {
			isa = PBXFrameworksBuildPhase;
			buildActionMask = 2147483647;
			files = (
			);
			runOnlyForDeploymentPostprocessing = 0;
		};
/* End PBXFrameworksBuildPhase section */

/* Begin PBXGroup section */
		43C805A12C4ABE50001B2527 = {
			isa = PBXGroup;
			children = (
				43C805AC2C4ABE50001B2527 /* JanusApp */,
				43C805AB2C4ABE50001B2527 /* Products */,
			);
			sourceTree = "<group>";
		};
		43C805AB2C4ABE50001B2527 /* Products */ = {
			isa = PBXGroup;
			children = (
				43C805AA2C4ABE50001B2527 /* JanusApp.app */,
			);
			name = Products;
			sourceTree = "<group>";
		};
		43C805AC2C4ABE50001B2527 /* JanusApp */ = {
			isa = PBXGroup;
			children = (
				43C805AD2C4ABE50001B2527 /* JanusAppApp.swift */,
				43C805AF2C4ABE50001B2527 /* ContentView.swift */,
				43C805C02C4AC02E001B2527 /* SphereView.swift */,
				43517D5B2C4AC3DD00FD8532 /* CardView.swift */,
				43517D5D2C4ACD5000FD8532 /* ChartView.swift */,
				43C805B12C4ABE51001B2527 /* Assets.xcassets */,
				43C805B62C4ABE51001B2527 /* Persistence.swift */,
				43C805B82C4ABE51001B2527 /* JanusApp.xcdatamodeld */,
				43C805B32C4ABE51001B2527 /* Preview Content */,
			);
			path = JanusApp;
			sourceTree = "<group>";
		};
		43C805B32C4ABE51001B2527 /* Preview Content */ = {
			isa = PBXGroup;
			children = (
				43C805B42C4ABE51001B2527 /* Preview Assets.xcassets */,
			);
			path = "Preview Content";
			sourceTree = "<group>";
		};
/* End PBXGroup section */

/* Begin PBXNativeTarget section */
		43C805A92C4ABE50001B2527 /* JanusApp */ = {
			isa = PBXNativeTarget;
			buildConfigurationList = 43C805BD2C4ABE51001B2527 /* Build configuration list for PBXNativeTarget "JanusApp" */;
			buildPhases = (
				43C805A62C4ABE50001B2527 /* Sources */,
				43C805A72C4ABE50001B2527 /* Frameworks */,
				43C805A82C4ABE50001B2527 /* Resources */,
			);
			buildRules = (
			);
			dependencies = (
			);
			name = JanusApp;
			productName = JanusApp;
			productReference = 43C805AA2C4ABE50001B2527 /* JanusApp.app */;
			productType = "com.apple.product-type.application";
		};
/* End PBXNativeTarget section */

/* Begin PBXProject section */
		43C805A22C4ABE50001B2527 /* Project object */ = {
			isa = PBXProject;
			attributes = {
				BuildIndependentTargetsInParallel = 1;
				LastSwiftUpdateCheck = 1540;
				LastUpgradeCheck = 1540;
				TargetAttributes = {
					43C805A92C4ABE50001B2527 = {
						CreatedOnToolsVersion = 15.4;
					};
				};
			};
			buildConfigurationList = 43C805A52C4ABE50001B2527 /* Build configuration list for PBXProject "JanusApp" */;
			compatibilityVersion = "Xcode 14.0";
			developmentRegion = en;
			hasScannedForEncodings = 0;
			knownRegions = (
				en,
				Base,
			);
			mainGroup = 43C805A12C4ABE50001B2527;
			productRefGroup = 43C805AB2C4ABE50001B2527 /* Products */;
			projectDirPath = "";
			projectRoot = "";
			targets = (
				43C805A92C4ABE50001B2527 /* JanusApp */,
			);
		};
/* End PBXProject section */

/* Begin PBXResourcesBuildPhase section */
		43C805A82C4ABE50001B2527 /* Resources */ = {
			isa = PBXResourcesBuildPhase;
			buildActionMask = 2147483647;
			files = (
				43C805B52C4ABE51001B2527 /* Preview Assets.xcassets in Resources */,
				43C805B22C4ABE51001B2527 /* Assets.xcassets in Resources */,
			);
			runOnlyForDeploymentPostprocessing = 0;
		};
/* End PBXResourcesBuildPhase section */

/* Begin PBXSourcesBuildPhase section */
		43C805A62C4ABE50001B2527 /* Sources */ = {
			isa = PBXSourcesBuildPhase;
			buildActionMask = 2147483647;
			files = (
				43C805C12C4AC02E001B2527 /* SphereView.swift in Sources */,
				43C805B72C4ABE51001B2527 /* Persistence.swift in Sources */,
				43C805B02C4ABE50001B2527 /* ContentView.swift in Sources */,
				43517D5E2C4ACD5000FD8532 /* ChartView.swift in Sources */,
				43C805AE2C4ABE50001B2527 /* JanusAppApp.swift in Sources */,
				43517D5C2C4AC3DD00FD8532 /* CardView.swift in Sources */,
				43C805BA2C4ABE51001B2527 /* JanusApp.xcdatamodeld in Sources */,
			);
			runOnlyForDeploymentPostprocessing = 0;
		};
/* End PBXSourcesBuildPhase section */

/* Begin XCBuildConfiguration section */
		43C805BB2C4ABE51001B2527 /* Debug */ = {
			isa = XCBuildConfiguration;
			buildSettings = {
				ALWAYS_SEARCH_USER_PATHS = NO;
				ASSETCATALOG_COMPILER_GENERATE_SWIFT_ASSET_SYMBOL_EXTENSIONS = YES;
				CLANG_ANALYZER_NONNULL = YES;
				CLANG_ANALYZER_NUMBER_OBJECT_CONVERSION = YES_AGGRESSIVE;
				CLANG_CXX_LANGUAGE_STANDARD = "gnu++20";
				CLANG_ENABLE_MODULES = YES;
				CLANG_ENABLE_OBJC_ARC = YES;
				CLANG_ENABLE_OBJC_WEAK = YES;
				CLANG_WARN_BLOCK_CAPTURE_AUTORELEASING = YES;
				CLANG_WARN_BOOL_CONVERSION = YES;
				CLANG_WARN_COMMA = YES;
				CLANG_WARN_CONSTANT_CONVERSION = YES;
				CLANG_WARN_DEPRECATED_OBJC_IMPLEMENTATIONS = YES;
				CLANG_WARN_DIRECT_OBJC_ISA_USAGE = YES_ERROR;
				CLANG_WARN_DOCUMENTATION_COMMENTS = YES;
				CLANG_WARN_EMPTY_BODY = YES;
				CLANG_WARN_ENUM_CONVERSION = YES;
				CLANG_WARN_INFINITE_RECURSION = YES;
				CLANG_WARN_INT_CONVERSION = YES;
				CLANG_WARN_NON_LITERAL_NULL_CONVERSION = YES;
				CLANG_WARN_OBJC_IMPLICIT_RETAIN_SELF = YES;
				CLANG_WARN_OBJC_LITERAL_CONVERSION = YES;
				CLANG_WARN_OBJC_ROOT_CLASS = YES_ERROR;
				CLANG_WARN_QUOTED_INCLUDE_IN_FRAMEWORK_HEADER = YES;
				CLANG_WARN_RANGE_LOOP_ANALYSIS = YES;
				CLANG_WARN_STRICT_PROTOTYPES = YES;
				CLANG_WARN_SUSPICIOUS_MOVE = YES;
				CLANG_WARN_UNGUARDED_AVAILABILITY = YES_AGGRESSIVE;
				CLANG_WARN_UNREACHABLE_CODE = YES;
				CLANG_WARN__DUPLICATE_METHOD_MATCH = YES;
				COPY_PHASE_STRIP = NO;
				DEBUG_INFORMATION_FORMAT = dwarf;
				ENABLE_STRICT_OBJC_MSGSEND = YES;
				ENABLE_TESTABILITY = YES;
				ENABLE_USER_SCRIPT_SANDBOXING = YES;
				GCC_C_LANGUAGE_STANDARD = gnu17;
				GCC_DYNAMIC_NO_PIC = NO;
				GCC_NO_COMMON_BLOCKS = YES;
				GCC_OPTIMIZATION_LEVEL = 0;
				GCC_PREPROCESSOR_DEFINITIONS = (
					"DEBUG=1",
					"$(inherited)",
				);
				GCC_WARN_64_TO_32_BIT_CONVERSION = YES;
				GCC_WARN_ABOUT_RETURN_TYPE = YES_ERROR;
				GCC_WARN_UNDECLARED_SELECTOR = YES;
				GCC_WARN_UNINITIALIZED_AUTOS = YES_AGGRESSIVE;
				GCC_WARN_UNUSED_FUNCTION = YES;
				GCC_WARN_UNUSED_VARIABLE = YES;
				IPHONEOS_DEPLOYMENT_TARGET = 17.5;
				LOCALIZATION_PREFERS_STRING_CATALOGS = YES;
				MTL_ENABLE_DEBUG_INFO = INCLUDE_SOURCE;
				MTL_FAST_MATH = YES;
				ONLY_ACTIVE_ARCH = YES;
				SDKROOT = iphoneos;
				SWIFT_ACTIVE_COMPILATION_CONDITIONS = "DEBUG $(inherited)";
				SWIFT_OPTIMIZATION_LEVEL = "-Onone";
			};
			name = Debug;
		};
		43C805BC2C4ABE51001B2527 /* Release */ = {
			isa = XCBuildConfiguration;
			buildSettings = {
				ALWAYS_SEARCH_USER_PATHS = NO;
				ASSETCATALOG_COMPILER_GENERATE_SWIFT_ASSET_SYMBOL_EXTENSIONS = YES;
				CLANG_ANALYZER_NONNULL = YES;
				CLANG_ANALYZER_NUMBER_OBJECT_CONVERSION = YES_AGGRESSIVE;
				CLANG_CXX_LANGUAGE_STANDARD = "gnu++20";
				CLANG_ENABLE_MODULES = YES;
				CLANG_ENABLE_OBJC_ARC = YES;
				CLANG_ENABLE_OBJC_WEAK = YES;
				CLANG_WARN_BLOCK_CAPTURE_AUTORELEASING = YES;
				CLANG_WARN_BOOL_CONVERSION = YES;
				CLANG_WARN_COMMA = YES;
				CLANG_WARN_CONSTANT_CONVERSION = YES;
				CLANG_WARN_DEPRECATED_OBJC_IMPLEMENTATIONS = YES;
				CLANG_WARN_DIRECT_OBJC_ISA_USAGE = YES_ERROR;
				CLANG_WARN_DOCUMENTATION_COMMENTS = YES;
				CLANG_WARN_EMPTY_BODY = YES;
				CLANG_WARN_ENUM_CONVERSION = YES;
				CLANG_WARN_INFINITE_RECURSION = YES;
				CLANG_WARN_INT_CONVERSION = YES;
				CLANG_WARN_NON_LITERAL_NULL_CONVERSION = YES;
				CLANG_WARN_OBJC_IMPLICIT_RETAIN_SELF = YES;
				CLANG_WARN_OBJC_LITERAL_CONVERSION = YES;
				CLANG_WARN_OBJC_ROOT_CLASS = YES_ERROR;
				CLANG_WARN_QUOTED_INCLUDE_IN_FRAMEWORK_HEADER = YES;
				CLANG_WARN_RANGE_LOOP_ANALYSIS = YES;
				CLANG_WARN_STRICT_PROTOTYPES = YES;
				CLANG_WARN_SUSPICIOUS_MOVE = YES;
				CLANG_WARN_UNGUARDED_AVAILABILITY = YES_AGGRESSIVE;
				CLANG_WARN_UNREACHABLE_CODE = YES;
				CLANG_WARN__DUPLICATE_METHOD_MATCH = YES;
				COPY_PHASE_STRIP = NO;
				DEBUG_INFORMATION_FORMAT = "dwarf-with-dsym";
				ENABLE_NS_ASSERTIONS = NO;
				ENABLE_STRICT_OBJC_MSGSEND = YES;
				ENABLE_USER_SCRIPT_SANDBOXING = YES;
				GCC_C_LANGUAGE_STANDARD = gnu17;
				GCC_NO_COMMON_BLOCKS = YES;
				GCC_WARN_64_TO_32_BIT_CONVERSION = YES;
				GCC_WARN_ABOUT_RETURN_TYPE = YES_ERROR;
				GCC_WARN_UNDECLARED_SELECTOR = YES;
				GCC_WARN_UNINITIALIZED_AUTOS = YES_AGGRESSIVE;
				GCC_WARN_UNUSED_FUNCTION = YES;
				GCC_WARN_UNUSED_VARIABLE = YES;
				IPHONEOS_DEPLOYMENT_TARGET = 17.5;
				LOCALIZATION_PREFERS_STRING_CATALOGS = YES;
				MTL_ENABLE_DEBUG_INFO = NO;
				MTL_FAST_MATH = YES;
				SDKROOT = iphoneos;
				SWIFT_COMPILATION_MODE = wholemodule;
				VALIDATE_PRODUCT = YES;
			};
			name = Release;
		};
		43C805BE2C4ABE51001B2527 /* Debug */ = {
			isa = XCBuildConfiguration;
			buildSettings = {
				ASSETCATALOG_COMPILER_APPICON_NAME = AppIcon;
				ASSETCATALOG_COMPILER_GLOBAL_ACCENT_COLOR_NAME = AccentColor;
				CODE_SIGN_STYLE = Automatic;
				CURRENT_PROJECT_VERSION = 1;
				DEVELOPMENT_ASSET_PATHS = "\"JanusApp/Preview Content\"";
				DEVELOPMENT_TEAM = 7TD72JJG8D;
				ENABLE_PREVIEWS = YES;
				GENERATE_INFOPLIST_FILE = YES;
				INFOPLIST_KEY_UIApplicationSceneManifest_Generation = YES;
				INFOPLIST_KEY_UIApplicationSupportsIndirectInputEvents = YES;
				INFOPLIST_KEY_UILaunchScreen_Generation = YES;
				INFOPLIST_KEY_UISupportedInterfaceOrientations_iPad = "UIInterfaceOrientationPortrait UIInterfaceOrientationPortraitUpsideDown UIInterfaceOrientationLandscapeLeft UIInterfaceOrientationLandscapeRight";
				INFOPLIST_KEY_UISupportedInterfaceOrientations_iPhone = "UIInterfaceOrientationPortrait UIInterfaceOrientationLandscapeLeft UIInterfaceOrientationLandscapeRight";
				LD_RUNPATH_SEARCH_PATHS = (
					"$(inherited)",
					"@executable_path/Frameworks",
				);
				MARKETING_VERSION = 1.0;
				PRODUCT_BUNDLE_IDENTIFIER = andrea.JanusApp;
				PRODUCT_NAME = "$(TARGET_NAME)";
				SWIFT_EMIT_LOC_STRINGS = YES;
				SWIFT_VERSION = 5.0;
				TARGETED_DEVICE_FAMILY = "1,2";
			};
			name = Debug;
		};
		43C805BF2C4ABE51001B2527 /* Release */ = {
			isa = XCBuildConfiguration;
			buildSettings = {
				ASSETCATALOG_COMPILER_APPICON_NAME = AppIcon;
				ASSETCATALOG_COMPILER_GLOBAL_ACCENT_COLOR_NAME = AccentColor;
				CODE_SIGN_STYLE = Automatic;
				CURRENT_PROJECT_VERSION = 1;
				DEVELOPMENT_ASSET_PATHS = "\"JanusApp/Preview Content\"";
				DEVELOPMENT_TEAM = 7TD72JJG8D;
				ENABLE_PREVIEWS = YES;
				GENERATE_INFOPLIST_FILE = YES;
				INFOPLIST_KEY_UIApplicationSceneManifest_Generation = YES;
				INFOPLIST_KEY_UIApplicationSupportsIndirectInputEvents = YES;
				INFOPLIST_KEY_UILaunchScreen_Generation = YES;
				INFOPLIST_KEY_UISupportedInterfaceOrientations_iPad = "UIInterfaceOrientationPortrait UIInterfaceOrientationPortraitUpsideDown UIInterfaceOrientationLandscapeLeft UIInterfaceOrientationLandscapeRight";
				INFOPLIST_KEY_UISupportedInterfaceOrientations_iPhone = "UIInterfaceOrientationPortrait UIInterfaceOrientationLandscapeLeft UIInterfaceOrientationLandscapeRight";
				LD_RUNPATH_SEARCH_PATHS = (
					"$(inherited)",
					"@executable_path/Frameworks",
				);
				MARKETING_VERSION = 1.0;
				PRODUCT_BUNDLE_IDENTIFIER = andrea.JanusApp;
				PRODUCT_NAME = "$(TARGET_NAME)";
				SWIFT_EMIT_LOC_STRINGS = YES;
				SWIFT_VERSION = 5.0;
				TARGETED_DEVICE_FAMILY = "1,2";
			};
			name = Release;
		};
/* End XCBuildConfiguration section */

/* Begin XCConfigurationList section */
		43C805A52C4ABE50001B2527 /* Build configuration list for PBXProject "JanusApp" */ = {
			isa = XCConfigurationList;
			buildConfigurations = (
				43C805BB2C4ABE51001B2527 /* Debug */,
				43C805BC2C4ABE51001B2527 /* Release */,
			);
			defaultConfigurationIsVisible = 0;
			defaultConfigurationName = Release;
		};
		43C805BD2C4ABE51001B2527 /* Build configuration list for PBXNativeTarget "JanusApp" */ = {
			isa = XCConfigurationList;
			buildConfigurations = (
				43C805BE2C4ABE51001B2527 /* Debug */,
				43C805BF2C4ABE51001B2527 /* Release */,
			);
			defaultConfigurationIsVisible = 0;
			defaultConfigurationName = Release;
		};
/* End XCConfigurationList section */

/* Begin XCVersionGroup section */
		43C805B82C4ABE51001B2527 /* JanusApp.xcdatamodeld */ = {
			isa = XCVersionGroup;
			children = (
				43C805B92C4ABE51001B2527 /* JanusApp.xcdatamodel */,
			);
			currentVersion = 43C805B92C4ABE51001B2527 /* JanusApp.xcdatamodel */;
			path = JanusApp.xcdatamodeld;
			sourceTree = "<group>";
			versionGroupType = wrapper.xcdatamodel;
		};
/* End XCVersionGroup section */
	};
	rootObject = 43C805A22C4ABE50001B2527 /* Project object */;
}
